{
  "pins" : [
    {
      "identity" : "bigint",
      "kind" : "remoteSourceControl",
      "location" : "https://github.com/attaswift/BigInt.git",
      "state" : {
        "revision" : "0ed110f7555c34ff468e72e1686e59721f2b0da6",
        "version" : "5.3.0"
      }
    },
    {
      "identity" : "ordereddictionary",
      "kind" : "remoteSourceControl",
      "location" : "https://github.com/lukaskubanek/OrderedDictionary.git",
      "state" : {
        "revision" : "acb62df76052bef95a918d26f12bf4996b8587ea",
        "version" : "2.4.0"
      }
    },
    {
      "identity" : "potentcodables",
      "kind" : "remoteSourceControl",
      "location" : "https://github.com/outfoxx/PotentCodables.git",
      "state" : {
        "revision" : "14e926fa6955bfbbe64254689293203f86e0aa31",
        "version" : "1.8.2"
      }
    },
    {
      "identity" : "swiftcbor",
      "kind" : "remoteSourceControl",
      "location" : "https://github.com/valpackett/SwiftCBOR",
      "state" : {
        "branch" : "master",
        "revision" : "edc01765cf6b3685bb622bb09242ef5964fb991b"
      }
    }
  ],
  "version" : 2
}
