{
  "pins" : [
    {
      "identity" : "cryptoswift",
      "kind" : "remoteSourceControl",
      "location" : "https://github.com/krzyzanowskim/CryptoSwift.git",
      "state" : {
        "revision" : "db51c407d3be4a051484a141bf0bff36c43d3b1e",
        "version" : "1.8.0"
      }
    },
    {
      "identity" : "swift-bases",
      "kind" : "remoteSourceControl",
      "location" : "https://github.com/swift-libp2p/swift-bases.git",
      "state" : {
        "revision" : "3cf27cf95d70248b0a1d99eee06cdf8b235241a8",
        "version" : "0.0.3"
      }
    },
    {
      "identity" : "swift-cid",
      "kind" : "remoteSourceControl",
      "location" : "https://github.com/swift-libp2p/swift-cid.git",
      "state" : {
        "revision" : "b6b54fc371815eaad55e5b2169605b25541841f1",
        "version" : "0.0.3"
      }
    },
    {
      "identity" : "swift-multibase",
      "kind" : "remoteSourceControl",
      "location" : "https://github.com/swift-libp2p/swift-multibase.git",
      "state" : {
        "revision" : "17044546b401c1c3af2f947f64484b1e5f88a5a3",
        "version" : "0.0.1"
      }
    },
    {
      "identity" : "swift-multicodec",
      "kind" : "remoteSourceControl",
      "location" : "https://github.com/swift-libp2p/swift-multicodec.git",
      "state" : {
        "revision" : "cf279fd12a591db1e4cd58ddcb4c6e2112badf69",
        "version" : "0.0.6"
      }
    },
    {
      "identity" : "swift-multihash",
      "kind" : "remoteSourceControl",
      "location" : "https://github.com/swift-libp2p/swift-multihash.git",
      "state" : {
        "revision" : "409e86f2e159e7abb7773bfb0bd830a63f36de14",
        "version" : "0.0.3"
      }
    },
    {
      "identity" : "swift-varint",
      "kind" : "remoteSourceControl",
      "location" : "https://github.com/swift-libp2p/swift-varint.git",
      "state" : {
        "revision" : "3d1e3c9ca4824d5acaf40ff46e96c0b956599271",
        "version" : "0.0.1"
      }
    }
  ],
  "version" : 2
}
